
Microsoft Visual Studio Solution File, Format Version 12.00
# Visual Studio 15
VisualStudioVersion = 15.0.27130.2027
MinimumVisualStudioVersion = 10.0.40219.1
Project("{9A19103F-16F7-4668-BE54-9A1E7A4F7556}") = "ABSA.OffShore.Web.Presentation", "src\ABSA.OffShore.Web.Presentation\ABSA.OffShore.Web.Presentation.csproj", "{EACDEA6C-A96F-41B7-92B9-4D9D00CB625F}"
EndProject
Project("{9A19103F-16F7-4668-BE54-9A1E7A4F7556}") = "ABSA.OffShore.Infrastructure.Service", "src\ABSA.OffShore.Infrastructure.Service\ABSA.OffShore.Infrastructure.Service.csproj", "{AEDC931A-E3EC-4CB7-955B-D538C18AA60C}"
EndProject
Project("{9A19103F-16F7-4668-BE54-9A1E7A4F7556}") = "ABSA.OffShore.Domain.EventStore", "src\ABSA.OffShore.Domain.EventStore\ABSA.OffShore.Domain.EventStore.csproj", "{ACAFD44D-2897-453E-8D69-81693B1F0EA2}"
EndProject
Project("{00D1A9C2-B5F0-4AF3-8072-F6C62B433612}") = "ABSA.OffShore.Database", "src\ABSA.OffShore.Database\ABSA.OffShore.Database.sqlproj", "{FF233269-6F1B-478F-B278-0A821386616E}"
EndProject
Project("{2150E333-8FDC-42A3-9474-1A3956D46DE8}") = "Test", "Test", "{C3583ED6-0978-4DB8-8D9F-08D85012B2FC}"
EndProject
Project("{FAE04EC0-301F-11D3-BF4B-00C04F79EFBC}") = "ABSA.OffShore.Web.Presentation.Test", "src\ABSA.OffShore.Web.Presentation.Test\ABSA.OffShore.Web.Presentation.Test.csproj", "{20D1AFA6-6AF7-4121-A258-329FA3C0AD0D}"
EndProject
Project("{9A19103F-16F7-4668-BE54-9A1E7A4F7556}") = "ABSA.OffShore.Application", "src\ABSA.OffShore.Application\ABSA.OffShore.Application.csproj", "{448A26F2-FFE7-44A7-8E80-BD52BF8B3743}"
EndProject
Project("{9A19103F-16F7-4668-BE54-9A1E7A4F7556}") = "ABSA.Offshore.WebAPI", "src\ABSA.Offshore.WebAPI\ABSA.Offshore.WebAPI.csproj", "{95A565F0-6669-4020-BC6B-8020991ED060}"
EndProject
Project("{9A19103F-16F7-4668-BE54-9A1E7A4F7556}") = "ABSA.Offshore.QueryService.Test", "src\ABSA.Offshore.QueryService.Test\ABSA.Offshore.QueryService.Test.csproj", "{19A9CC42-E1B1-4901-A3C9-67E853AABA7C}"
EndProject
Project("{9A19103F-16F7-4668-BE54-9A1E7A4F7556}") = "ABSA.OffShore.QueryService", "src\ABSA.OffShore.QueryService\ABSA.OffShore.QueryService.csproj", "{1552203B-1121-4257-AB91-C2F53578F550}"
EndProject
Project("{9A19103F-16F7-4668-BE54-9A1E7A4F7556}") = "ABSA.OffShore.Domain.Test", "src\ABSA.OffShore.Domain.Test\ABSA.OffShore.Domain.Test.csproj", "{F62E36AD-3B27-4FCC-9AF7-19F739BF679C}"
EndProject
Project("{9A19103F-16F7-4668-BE54-9A1E7A4F7556}") = "ABSA.OffShore.CommandService", "src\ABSA.OffShore.CommandService\ABSA.OffShore.CommandService.csproj", "{F3BAE69B-FA10-458B-AFFC-977673FE65C9}"
EndProject
Project("{FAE04EC0-301F-11D3-BF4B-00C04F79EFBC}") = "ABSA.OFFShore.WindowsService", "src\ABSA.OFFShore.WindowsService\ABSA.OFFShore.WindowsService.csproj", "{D325835C-30DB-4ACC-B433-052C0CCBE46F}"
EndProject
Project("{FAE04EC0-301F-11D3-BF4B-00C04F79EFBC}") = "ABSA.OffShore.WindowsService.Lib", "src\ABSA.OffShore.WindowsService.Lib\ABSA.OffShore.WindowsService.Lib.csproj", "{D97958C0-7D8A-4F36-97AC-4FDEF6AABA18}"
EndProject
Project("{FAE04EC0-301F-11D3-BF4B-00C04F79EFBC}") = "ABSA.OffShore.WindowsService.SybrinDownloadDoc", "src\ABSA.OffShore.WindowsService.SybrinDownloadDoc\ABSA.OffShore.WindowsService.SybrinDownloadDoc.csproj", "{9E44A931-95CC-4DB9-96D3-B0E65BA76C7D}"
EndProject
Project("{FAE04EC0-301F-11D3-BF4B-00C04F79EFBC}") = "ABSA.OFFShore.WindowsService.Test", "src\ABSA.OFFShore.WindowsService.Test\ABSA.OFFShore.WindowsService.Test.csproj", "{36CC17BB-A866-47C6-B177-2EF45F7B387C}"
EndProject
Project("{9A19103F-16F7-4668-BE54-9A1E7A4F7556}") = "ABSA.OffShore.Application.Test", "src\ABSA.OffShore.Application.Test\ABSA.OffShore.Application.Test.csproj", "{D84279F0-1715-4C2B-B062-69E9A8888017}"
EndProject
Project("{9A19103F-16F7-4668-BE54-9A1E7A4F7556}") = "ABSA.Offshore.WebAPI.Test", "src\ABSA.Offshore.WebAPI.Test\ABSA.Offshore.WebAPI.Test.csproj", "{7287E76F-0C08-41ED-9279-C0A1FF856730}"
EndProject
Project("{9A19103F-16F7-4668-BE54-9A1E7A4F7556}") = "ABSA.OffShore.Domain", "src\ABSA.OffShore.Domain\ABSA.OffShore.Domain.csproj", "{CADD6EA4-6D05-4F1F-A545-593E945722A7}"
EndProject
Project("{FAE04EC0-301F-11D3-BF4B-00C04F79EFBC}") = "Absa.Wealth.Sybrin.Model", "src\Absa.Wealth.Sybrin.Model\Absa.Wealth.Sybrin.Model.csproj", "{4091734B-62B7-49F5-B333-EDE683E2F2E0}"
EndProject
Global
	GlobalSection(SolutionConfigurationPlatforms) = preSolution
		Debug|Any CPU = Debug|Any CPU
		Release|Any CPU = Release|Any CPU
	EndGlobalSection
	GlobalSection(ProjectConfigurationPlatforms) = postSolution
		{EACDEA6C-A96F-41B7-92B9-4D9D00CB625F}.Debug|Any CPU.ActiveCfg = Debug|Any CPU
		{EACDEA6C-A96F-41B7-92B9-4D9D00CB625F}.Release|Any CPU.ActiveCfg = Release|Any CPU
		{AEDC931A-E3EC-4CB7-955B-D538C18AA60C}.Debug|Any CPU.ActiveCfg = Debug|Any CPU
		{AEDC931A-E3EC-4CB7-955B-D538C18AA60C}.Debug|Any CPU.Build.0 = Debug|Any CPU
		{AEDC931A-E3EC-4CB7-955B-D538C18AA60C}.Release|Any CPU.ActiveCfg = Release|Any CPU
		{AEDC931A-E3EC-4CB7-955B-D538C18AA60C}.Release|Any CPU.Build.0 = Release|Any CPU
		{ACAFD44D-2897-453E-8D69-81693B1F0EA2}.Debug|Any CPU.ActiveCfg = Debug|Any CPU
		{ACAFD44D-2897-453E-8D69-81693B1F0EA2}.Debug|Any CPU.Build.0 = Debug|Any CPU
		{ACAFD44D-2897-453E-8D69-81693B1F0EA2}.Release|Any CPU.ActiveCfg = Release|Any CPU
		{ACAFD44D-2897-453E-8D69-81693B1F0EA2}.Release|Any CPU.Build.0 = Release|Any CPU
		{FF233269-6F1B-478F-B278-0A821386616E}.Debug|Any CPU.ActiveCfg = Debug|Any CPU
		{FF233269-6F1B-478F-B278-0A821386616E}.Debug|Any CPU.Build.0 = Debug|Any CPU
		{FF233269-6F1B-478F-B278-0A821386616E}.Debug|Any CPU.Deploy.0 = Debug|Any CPU
		{FF233269-6F1B-478F-B278-0A821386616E}.Release|Any CPU.ActiveCfg = Release|Any CPU
		{FF233269-6F1B-478F-B278-0A821386616E}.Release|Any CPU.Build.0 = Release|Any CPU
		{FF233269-6F1B-478F-B278-0A821386616E}.Release|Any CPU.Deploy.0 = Release|Any CPU
		{20D1AFA6-6AF7-4121-A258-329FA3C0AD0D}.Debug|Any CPU.ActiveCfg = Debug|Any CPU
		{20D1AFA6-6AF7-4121-A258-329FA3C0AD0D}.Debug|Any CPU.Build.0 = Debug|Any CPU
		{20D1AFA6-6AF7-4121-A258-329FA3C0AD0D}.Release|Any CPU.ActiveCfg = Release|Any CPU
		{20D1AFA6-6AF7-4121-A258-329FA3C0AD0D}.Release|Any CPU.Build.0 = Release|Any CPU
		{448A26F2-FFE7-44A7-8E80-BD52BF8B3743}.Debug|Any CPU.ActiveCfg = Debug|Any CPU
		{448A26F2-FFE7-44A7-8E80-BD52BF8B3743}.Debug|Any CPU.Build.0 = Debug|Any CPU
		{448A26F2-FFE7-44A7-8E80-BD52BF8B3743}.Release|Any CPU.ActiveCfg = Release|Any CPU
		{448A26F2-FFE7-44A7-8E80-BD52BF8B3743}.Release|Any CPU.Build.0 = Release|Any CPU
		{95A565F0-6669-4020-BC6B-8020991ED060}.Debug|Any CPU.ActiveCfg = Debug|Any CPU
		{95A565F0-6669-4020-BC6B-8020991ED060}.Debug|Any CPU.Build.0 = Debug|Any CPU
		{95A565F0-6669-4020-BC6B-8020991ED060}.Release|Any CPU.ActiveCfg = Release|Any CPU
		{95A565F0-6669-4020-BC6B-8020991ED060}.Release|Any CPU.Build.0 = Release|Any CPU
		{19A9CC42-E1B1-4901-A3C9-67E853AABA7C}.Debug|Any CPU.ActiveCfg = Debug|Any CPU
		{19A9CC42-E1B1-4901-A3C9-67E853AABA7C}.Debug|Any CPU.Build.0 = Debug|Any CPU
		{19A9CC42-E1B1-4901-A3C9-67E853AABA7C}.Release|Any CPU.ActiveCfg = Release|Any CPU
		{19A9CC42-E1B1-4901-A3C9-67E853AABA7C}.Release|Any CPU.Build.0 = Release|Any CPU
		{1552203B-1121-4257-AB91-C2F53578F550}.Debug|Any CPU.ActiveCfg = Debug|Any CPU
		{1552203B-1121-4257-AB91-C2F53578F550}.Debug|Any CPU.Build.0 = Debug|Any CPU
		{1552203B-1121-4257-AB91-C2F53578F550}.Release|Any CPU.ActiveCfg = Release|Any CPU
		{1552203B-1121-4257-AB91-C2F53578F550}.Release|Any CPU.Build.0 = Release|Any CPU
		{F62E36AD-3B27-4FCC-9AF7-19F739BF679C}.Debug|Any CPU.ActiveCfg = Debug|Any CPU
		{F62E36AD-3B27-4FCC-9AF7-19F739BF679C}.Debug|Any CPU.Build.0 = Debug|Any CPU
		{F62E36AD-3B27-4FCC-9AF7-19F739BF679C}.Release|Any CPU.ActiveCfg = Release|Any CPU
		{F62E36AD-3B27-4FCC-9AF7-19F739BF679C}.Release|Any CPU.Build.0 = Release|Any CPU
		{F3BAE69B-FA10-458B-AFFC-977673FE65C9}.Debug|Any CPU.ActiveCfg = Debug|Any CPU
		{F3BAE69B-FA10-458B-AFFC-977673FE65C9}.Debug|Any CPU.Build.0 = Debug|Any CPU
		{F3BAE69B-FA10-458B-AFFC-977673FE65C9}.Release|Any CPU.ActiveCfg = Release|Any CPU
		{F3BAE69B-FA10-458B-AFFC-977673FE65C9}.Release|Any CPU.Build.0 = Release|Any CPU
		{D325835C-30DB-4ACC-B433-052C0CCBE46F}.Debug|Any CPU.ActiveCfg = Debug|Any CPU
		{D325835C-30DB-4ACC-B433-052C0CCBE46F}.Debug|Any CPU.Build.0 = Debug|Any CPU
		{D325835C-30DB-4ACC-B433-052C0CCBE46F}.Release|Any CPU.ActiveCfg = Release|Any CPU
		{D325835C-30DB-4ACC-B433-052C0CCBE46F}.Release|Any CPU.Build.0 = Release|Any CPU
		{D97958C0-7D8A-4F36-97AC-4FDEF6AABA18}.Debug|Any CPU.ActiveCfg = Debug|Any CPU
		{D97958C0-7D8A-4F36-97AC-4FDEF6AABA18}.Debug|Any CPU.Build.0 = Debug|Any CPU
		{D97958C0-7D8A-4F36-97AC-4FDEF6AABA18}.Release|Any CPU.ActiveCfg = Release|Any CPU
		{D97958C0-7D8A-4F36-97AC-4FDEF6AABA18}.Release|Any CPU.Build.0 = Release|Any CPU
		{9E44A931-95CC-4DB9-96D3-B0E65BA76C7D}.Debug|Any CPU.ActiveCfg = Debug|Any CPU
		{9E44A931-95CC-4DB9-96D3-B0E65BA76C7D}.Debug|Any CPU.Build.0 = Debug|Any CPU
		{9E44A931-95CC-4DB9-96D3-B0E65BA76C7D}.Release|Any CPU.ActiveCfg = Release|Any CPU
		{9E44A931-95CC-4DB9-96D3-B0E65BA76C7D}.Release|Any CPU.Build.0 = Release|Any CPU
		{36CC17BB-A866-47C6-B177-2EF45F7B387C}.Debug|Any CPU.ActiveCfg = Debug|Any CPU
		{36CC17BB-A866-47C6-B177-2EF45F7B387C}.Debug|Any CPU.Build.0 = Debug|Any CPU
		{36CC17BB-A866-47C6-B177-2EF45F7B387C}.Release|Any CPU.ActiveCfg = Release|Any CPU
		{36CC17BB-A866-47C6-B177-2EF45F7B387C}.Release|Any CPU.Build.0 = Release|Any CPU
		{D84279F0-1715-4C2B-B062-69E9A8888017}.Debug|Any CPU.ActiveCfg = Debug|Any CPU
		{D84279F0-1715-4C2B-B062-69E9A8888017}.Debug|Any CPU.Build.0 = Debug|Any CPU
		{D84279F0-1715-4C2B-B062-69E9A8888017}.Release|Any CPU.ActiveCfg = Release|Any CPU
		{D84279F0-1715-4C2B-B062-69E9A8888017}.Release|Any CPU.Build.0 = Release|Any CPU
		{7287E76F-0C08-41ED-9279-C0A1FF856730}.Debug|Any CPU.ActiveCfg = Debug|Any CPU
		{7287E76F-0C08-41ED-9279-C0A1FF856730}.Debug|Any CPU.Build.0 = Debug|Any CPU
		{7287E76F-0C08-41ED-9279-C0A1FF856730}.Release|Any CPU.ActiveCfg = Release|Any CPU
		{7287E76F-0C08-41ED-9279-C0A1FF856730}.Release|Any CPU.Build.0 = Release|Any CPU
		{CADD6EA4-6D05-4F1F-A545-593E945722A7}.Debug|Any CPU.ActiveCfg = Debug|Any CPU
		{CADD6EA4-6D05-4F1F-A545-593E945722A7}.Debug|Any CPU.Build.0 = Debug|Any CPU
		{CADD6EA4-6D05-4F1F-A545-593E945722A7}.Release|Any CPU.ActiveCfg = Release|Any CPU
		{CADD6EA4-6D05-4F1F-A545-593E945722A7}.Release|Any CPU.Build.0 = Release|Any CPU
		{4091734B-62B7-49F5-B333-EDE683E2F2E0}.Debug|Any CPU.ActiveCfg = Debug|Any CPU
		{4091734B-62B7-49F5-B333-EDE683E2F2E0}.Debug|Any CPU.Build.0 = Debug|Any CPU
		{4091734B-62B7-49F5-B333-EDE683E2F2E0}.Release|Any CPU.ActiveCfg = Release|Any CPU
		{4091734B-62B7-49F5-B333-EDE683E2F2E0}.Release|Any CPU.Build.0 = Release|Any CPU
	EndGlobalSection
	GlobalSection(SolutionProperties) = preSolution
		HideSolutionNode = FALSE
	EndGlobalSection
	GlobalSection(NestedProjects) = preSolution
		{20D1AFA6-6AF7-4121-A258-329FA3C0AD0D} = {C3583ED6-0978-4DB8-8D9F-08D85012B2FC}
		{19A9CC42-E1B1-4901-A3C9-67E853AABA7C} = {C3583ED6-0978-4DB8-8D9F-08D85012B2FC}
		{F62E36AD-3B27-4FCC-9AF7-19F739BF679C} = {C3583ED6-0978-4DB8-8D9F-08D85012B2FC}
		{36CC17BB-A866-47C6-B177-2EF45F7B387C} = {C3583ED6-0978-4DB8-8D9F-08D85012B2FC}
		{D84279F0-1715-4C2B-B062-69E9A8888017} = {C3583ED6-0978-4DB8-8D9F-08D85012B2FC}
		{7287E76F-0C08-41ED-9279-C0A1FF856730} = {C3583ED6-0978-4DB8-8D9F-08D85012B2FC}
	EndGlobalSection
	GlobalSection(ExtensibilityGlobals) = postSolution
		SolutionGuid = {505A1F83-786F-4583-8BE2-3CAD84568540}
	EndGlobalSection
EndGlobal
